
Microsoft Visual Studio Solution File, Format Version 12.00
# Visual Studio Version 17
VisualStudioVersion = 17.4.33205.214
MinimumVisualStudioVersion = 10.0.40219.1
Project("{FAE04EC0-301F-11D3-BF4B-00C04F79EFBC}") = "Bluebird", "Bluebird\Bluebird.csproj", "{3226F93F-C704-419D-A116-C5C02F81C7C6}"
EndProject
Project("{FAE04EC0-301F-11D3-BF4B-00C04F79EFBC}") = "Bluebird.Shared", "Bluebird.Shared\Bluebird.Shared.csproj", "{749A0CCC-F0DD-4CAB-87E1-C73A32F5354D}"
EndProject
Project("{FAE04EC0-301F-11D3-BF4B-00C04F79EFBC}") = "Bluebird.Modules", "Bluebird.Modules\Bluebird.Modules.csproj", "{ADE50839-AA20-4503-872C-E85EF1928BD9}"
EndProject
Project("{FAE04EC0-301F-11D3-BF4B-00C04F79EFBC}") = "BluebirdUrlHelper", "BluebirdUrlHelper\BluebirdUrlHelper.csproj", "{ADDBE550-8180-489B-975C-5A6E3DCA8E1D}"
EndProject
Global
	GlobalSection(SolutionConfigurationPlatforms) = preSolution
		Debug|Any CPU = Debug|Any CPU
		Debug|ARM = Debug|ARM
		Debug|ARM64 = Debug|ARM64
		Debug|x64 = Debug|x64
		Debug|x86 = Debug|x86
		Release|Any CPU = Release|Any CPU
		Release|ARM = Release|ARM
		Release|ARM64 = Release|ARM64
		Release|x64 = Release|x64
		Release|x86 = Release|x86
	EndGlobalSection
	GlobalSection(ProjectConfigurationPlatforms) = postSolution
		{3226F93F-C704-419D-A116-C5C02F81C7C6}.Debug|Any CPU.ActiveCfg = Debug|Any CPU
		{3226F93F-C704-419D-A116-C5C02F81C7C6}.Debug|Any CPU.Build.0 = Debug|Any CPU
		{3226F93F-C704-419D-A116-C5C02F81C7C6}.Debug|Any CPU.Deploy.0 = Debug|Any CPU
		{3226F93F-C704-419D-A116-C5C02F81C7C6}.Debug|ARM.ActiveCfg = Debug|ARM
		{3226F93F-C704-419D-A116-C5C02F81C7C6}.Debug|ARM.Build.0 = Debug|ARM
		{3226F93F-C704-419D-A116-C5C02F81C7C6}.Debug|ARM.Deploy.0 = Debug|ARM
		{3226F93F-C704-419D-A116-C5C02F81C7C6}.Debug|ARM64.ActiveCfg = Debug|ARM64
		{3226F93F-C704-419D-A116-C5C02F81C7C6}.Debug|ARM64.Build.0 = Debug|ARM64
		{3226F93F-C704-419D-A116-C5C02F81C7C6}.Debug|ARM64.Deploy.0 = Debug|ARM64
		{3226F93F-C704-419D-A116-C5C02F81C7C6}.Debug|x64.ActiveCfg = Debug|x64
		{3226F93F-C704-419D-A116-C5C02F81C7C6}.Debug|x64.Build.0 = Debug|x64
		{3226F93F-C704-419D-A116-C5C02F81C7C6}.Debug|x64.Deploy.0 = Debug|x64
		{3226F93F-C704-419D-A116-C5C02F81C7C6}.Debug|x86.ActiveCfg = Debug|x86
		{3226F93F-C704-419D-A116-C5C02F81C7C6}.Debug|x86.Build.0 = Debug|x86
		{3226F93F-C704-419D-A116-C5C02F81C7C6}.Debug|x86.Deploy.0 = Debug|x86
		{3226F93F-C704-419D-A116-C5C02F81C7C6}.Release|Any CPU.ActiveCfg = Release|Any CPU
		{3226F93F-C704-419D-A116-C5C02F81C7C6}.Release|Any CPU.Build.0 = Release|Any CPU
		{3226F93F-C704-419D-A116-C5C02F81C7C6}.Release|Any CPU.Deploy.0 = Release|Any CPU
		{3226F93F-C704-419D-A116-C5C02F81C7C6}.Release|ARM.ActiveCfg = Release|ARM
		{3226F93F-C704-419D-A116-C5C02F81C7C6}.Release|ARM.Build.0 = Release|ARM
		{3226F93F-C704-419D-A116-C5C02F81C7C6}.Release|ARM.Deploy.0 = Release|ARM
		{3226F93F-C704-419D-A116-C5C02F81C7C6}.Release|ARM64.ActiveCfg = Release|ARM64
		{3226F93F-C704-419D-A116-C5C02F81C7C6}.Release|ARM64.Build.0 = Release|ARM64
		{3226F93F-C704-419D-A116-C5C02F81C7C6}.Release|ARM64.Deploy.0 = Release|ARM64
		{3226F93F-C704-419D-A116-C5C02F81C7C6}.Release|x64.ActiveCfg = Release|x64
		{3226F93F-C704-419D-A116-C5C02F81C7C6}.Release|x64.Build.0 = Release|x64
		{3226F93F-C704-419D-A116-C5C02F81C7C6}.Release|x64.Deploy.0 = Release|x64
		{3226F93F-C704-419D-A116-C5C02F81C7C6}.Release|x86.ActiveCfg = Release|x86
		{3226F93F-C704-419D-A116-C5C02F81C7C6}.Release|x86.Build.0 = Release|x86
		{3226F93F-C704-419D-A116-C5C02F81C7C6}.Release|x86.Deploy.0 = Release|x86
		{749A0CCC-F0DD-4CAB-87E1-C73A32F5354D}.Debug|Any CPU.ActiveCfg = Debug|Any CPU
		{749A0CCC-F0DD-4CAB-87E1-C73A32F5354D}.Debug|Any CPU.Build.0 = Debug|Any CPU
		{749A0CCC-F0DD-4CAB-87E1-C73A32F5354D}.Debug|ARM.ActiveCfg = Debug|ARM
		{749A0CCC-F0DD-4CAB-87E1-C73A32F5354D}.Debug|ARM.Build.0 = Debug|ARM
		{749A0CCC-F0DD-4CAB-87E1-C73A32F5354D}.Debug|ARM64.ActiveCfg = Debug|ARM64
		{749A0CCC-F0DD-4CAB-87E1-C73A32F5354D}.Debug|ARM64.Build.0 = Debug|ARM64
		{749A0CCC-F0DD-4CAB-87E1-C73A32F5354D}.Debug|x64.ActiveCfg = Debug|x64
		{749A0CCC-F0DD-4CAB-87E1-C73A32F5354D}.Debug|x64.Build.0 = Debug|x64
		{749A0CCC-F0DD-4CAB-87E1-C73A32F5354D}.Debug|x86.ActiveCfg = Debug|x86
		{749A0CCC-F0DD-4CAB-87E1-C73A32F5354D}.Debug|x86.Build.0 = Debug|x86
		{749A0CCC-F0DD-4CAB-87E1-C73A32F5354D}.Release|Any CPU.ActiveCfg = Release|Any CPU
		{749A0CCC-F0DD-4CAB-87E1-C73A32F5354D}.Release|Any CPU.Build.0 = Release|Any CPU
		{749A0CCC-F0DD-4CAB-87E1-C73A32F5354D}.Release|ARM.ActiveCfg = Release|ARM
		{749A0CCC-F0DD-4CAB-87E1-C73A32F5354D}.Release|ARM.Build.0 = Release|ARM
		{749A0CCC-F0DD-4CAB-87E1-C73A32F5354D}.Release|ARM64.ActiveCfg = Release|ARM64
		{749A0CCC-F0DD-4CAB-87E1-C73A32F5354D}.Release|ARM64.Build.0 = Release|ARM64
		{749A0CCC-F0DD-4CAB-87E1-C73A32F5354D}.Release|x64.ActiveCfg = Release|x64
		{749A0CCC-F0DD-4CAB-87E1-C73A32F5354D}.Release|x64.Build.0 = Release|x64
		{749A0CCC-F0DD-4CAB-87E1-C73A32F5354D}.Release|x86.ActiveCfg = Release|x86
		{749A0CCC-F0DD-4CAB-87E1-C73A32F5354D}.Release|x86.Build.0 = Release|x86
		{ADE50839-AA20-4503-872C-E85EF1928BD9}.Debug|Any CPU.ActiveCfg = Debug|Any CPU
		{ADE50839-AA20-4503-872C-E85EF1928BD9}.Debug|Any CPU.Build.0 = Debug|Any CPU
		{ADE50839-AA20-4503-872C-E85EF1928BD9}.Debug|ARM.ActiveCfg = Debug|ARM
		{ADE50839-AA20-4503-872C-E85EF1928BD9}.Debug|ARM.Build.0 = Debug|ARM
		{ADE50839-AA20-4503-872C-E85EF1928BD9}.Debug|ARM64.ActiveCfg = Debug|ARM64
		{ADE50839-AA20-4503-872C-E85EF1928BD9}.Debug|ARM64.Build.0 = Debug|ARM64
		{ADE50839-AA20-4503-872C-E85EF1928BD9}.Debug|x64.ActiveCfg = Debug|x64
		{ADE50839-AA20-4503-872C-E85EF1928BD9}.Debug|x64.Build.0 = Debug|x64
		{ADE50839-AA20-4503-872C-E85EF1928BD9}.Debug|x86.ActiveCfg = Debug|x86
		{ADE50839-AA20-4503-872C-E85EF1928BD9}.Debug|x86.Build.0 = Debug|x86
		{ADE50839-AA20-4503-872C-E85EF1928BD9}.Release|Any CPU.ActiveCfg = Release|Any CPU
		{ADE50839-AA20-4503-872C-E85EF1928BD9}.Release|Any CPU.Build.0 = Release|Any CPU
		{ADE50839-AA20-4503-872C-E85EF1928BD9}.Release|ARM.ActiveCfg = Release|ARM
		{ADE50839-AA20-4503-872C-E85EF1928BD9}.Release|ARM.Build.0 = Release|ARM
		{ADE50839-AA20-4503-872C-E85EF1928BD9}.Release|ARM64.ActiveCfg = Release|ARM64
		{ADE50839-AA20-4503-872C-E85EF1928BD9}.Release|ARM64.Build.0 = Release|ARM64
		{ADE50839-AA20-4503-872C-E85EF1928BD9}.Release|x64.ActiveCfg = Release|x64
		{ADE50839-AA20-4503-872C-E85EF1928BD9}.Release|x64.Build.0 = Release|x64
		{ADE50839-AA20-4503-872C-E85EF1928BD9}.Release|x86.ActiveCfg = Release|x86
		{ADE50839-AA20-4503-872C-E85EF1928BD9}.Release|x86.Build.0 = Release|x86
		{ADDBE550-8180-489B-975C-5A6E3DCA8E1D}.Debug|Any CPU.ActiveCfg = Debug|Any CPU
		{ADDBE550-8180-489B-975C-5A6E3DCA8E1D}.Debug|Any CPU.Build.0 = Debug|Any CPU
		{ADDBE550-8180-489B-975C-5A6E3DCA8E1D}.Debug|ARM.ActiveCfg = Debug|ARM
		{ADDBE550-8180-489B-975C-5A6E3DCA8E1D}.Debug|ARM.Build.0 = Debug|ARM
		{ADDBE550-8180-489B-975C-5A6E3DCA8E1D}.Debug|ARM64.ActiveCfg = Debug|ARM64
		{ADDBE550-8180-489B-975C-5A6E3DCA8E1D}.Debug|ARM64.Build.0 = Debug|ARM64
		{ADDBE550-8180-489B-975C-5A6E3DCA8E1D}.Debug|x64.ActiveCfg = Debug|x64
		{ADDBE550-8180-489B-975C-5A6E3DCA8E1D}.Debug|x64.Build.0 = Debug|x64
		{ADDBE550-8180-489B-975C-5A6E3DCA8E1D}.Debug|x86.ActiveCfg = Debug|x86
		{ADDBE550-8180-489B-975C-5A6E3DCA8E1D}.Debug|x86.Build.0 = Debug|x86
		{ADDBE550-8180-489B-975C-5A6E3DCA8E1D}.Release|Any CPU.ActiveCfg = Release|Any CPU
		{ADDBE550-8180-489B-975C-5A6E3DCA8E1D}.Release|Any CPU.Build.0 = Release|Any CPU
		{ADDBE550-8180-489B-975C-5A6E3DCA8E1D}.Release|ARM.ActiveCfg = Release|ARM
		{ADDBE550-8180-489B-975C-5A6E3DCA8E1D}.Release|ARM.Build.0 = Release|ARM
		{ADDBE550-8180-489B-975C-5A6E3DCA8E1D}.Release|ARM64.ActiveCfg = Release|ARM64
		{ADDBE550-8180-489B-975C-5A6E3DCA8E1D}.Release|ARM64.Build.0 = Release|ARM64
		{ADDBE550-8180-489B-975C-5A6E3DCA8E1D}.Release|x64.ActiveCfg = Release|x64
		{ADDBE550-8180-489B-975C-5A6E3DCA8E1D}.Release|x64.Build.0 = Release|x64
		{ADDBE550-8180-489B-975C-5A6E3DCA8E1D}.Release|x86.ActiveCfg = Release|x86
		{ADDBE550-8180-489B-975C-5A6E3DCA8E1D}.Release|x86.Build.0 = Release|x86
	EndGlobalSection
	GlobalSection(SolutionProperties) = preSolution
		HideSolutionNode = FALSE
	EndGlobalSection
	GlobalSection(ExtensibilityGlobals) = postSolution
		SolutionGuid = {6AAB38FC-F38D-40EC-AC68-CCC403617CB0}
	EndGlobalSection
EndGlobal
